// !$*UTF8*$!
{
	archiveVersion = 1;
	classes = {
	};
	objectVersion = 56;
	objects = {

/* Begin PBXBuildFile section */
		A87E74112BDF7D4400CBDE7E /* OFL.txt in Resources */ = {isa = PBXBuildFile; fileRef = A87E740F2BDF7D4400CBDE7E /* OFL.txt */; };
		A87E74122BDF7D4400CBDE7E /* OxygenMono-Regular.ttf in Resources */ = {isa = PBXBuildFile; fileRef = A87E74102BDF7D4400CBDE7E /* OxygenMono-Regular.ttf */; };
		A89F36992BDFA32B002D578F /* ViewModel.swift in Sources */ = {isa = PBXBuildFile; fileRef = A89F36982BDFA32B002D578F /* ViewModel.swift */; };
		A89F369B2BDFCF6F002D578F /* en_words.txt in Resources */ = {isa = PBXBuildFile; fileRef = A89F369A2BDFCF6F002D578F /* en_words.txt */; };
		A8EEF7A62BD91C8500E9F83D /* tinypasswordgenappApp.swift in Sources */ = {isa = PBXBuildFile; fileRef = A8EEF7A52BD91C8500E9F83D /* tinypasswordgenappApp.swift */; };
		A8EEF7A82BD91C8500E9F83D /* ContentView.swift in Sources */ = {isa = PBXBuildFile; fileRef = A8EEF7A72BD91C8500E9F83D /* ContentView.swift */; };
		A8EEF7AA2BD91C8600E9F83D /* Assets.xcassets in Resources */ = {isa = PBXBuildFile; fileRef = A8EEF7A92BD91C8600E9F83D /* Assets.xcassets */; };
		A8EEF7AD2BD91C8600E9F83D /* Preview Assets.xcassets in Resources */ = {isa = PBXBuildFile; fileRef = A8EEF7AC2BD91C8600E9F83D /* Preview Assets.xcassets */; };
/* End PBXBuildFile section */

/* Begin PBXFileReference section */
		A847B41E2BE383E50034367F /* LICENSE.txt */ = {isa = PBXFileReference; lastKnownFileType = text; path = LICENSE.txt; sourceTree = "<group>"; };
		A87E740F2BDF7D4400CBDE7E /* OFL.txt */ = {isa = PBXFileReference; fileEncoding = 4; lastKnownFileType = text; name = OFL.txt; path = tinypasswordgenapp/fonts/_OxygenMono/OFL.txt; sourceTree = SOURCE_ROOT; };
		A87E74102BDF7D4400CBDE7E /* OxygenMono-Regular.ttf */ = {isa = PBXFileReference; lastKnownFileType = file; name = "OxygenMono-Regular.ttf"; path = "tinypasswordgenapp/fonts/_OxygenMono/OxygenMono-Regular.ttf"; sourceTree = SOURCE_ROOT; };
		A87E74152BDF85C500CBDE7E /* Info.plist */ = {isa = PBXFileReference; lastKnownFileType = text.plist; path = Info.plist; sourceTree = "<group>"; };
		A89F36982BDFA32B002D578F /* ViewModel.swift */ = {isa = PBXFileReference; lastKnownFileType = sourcecode.swift; path = ViewModel.swift; sourceTree = "<group>"; };
		A89F369A2BDFCF6F002D578F /* en_words.txt */ = {isa = PBXFileReference; fileEncoding = 4; lastKnownFileType = text; path = en_words.txt; sourceTree = "<group>"; };
		A89F369C2BDFEEE8002D578F /* README.MD */ = {isa = PBXFileReference; lastKnownFileType = net.daringfireball.markdown; path = README.MD; sourceTree = "<group>"; };
		A8EEF7A22BD91C8500E9F83D /* tinypasswordgenapp.app */ = {isa = PBXFileReference; explicitFileType = wrapper.application; includeInIndex = 0; path = tinypasswordgenapp.app; sourceTree = BUILT_PRODUCTS_DIR; };
		A8EEF7A52BD91C8500E9F83D /* tinypasswordgenappApp.swift */ = {isa = PBXFileReference; lastKnownFileType = sourcecode.swift; path = tinypasswordgenappApp.swift; sourceTree = "<group>"; };
		A8EEF7A72BD91C8500E9F83D /* ContentView.swift */ = {isa = PBXFileReference; lastKnownFileType = sourcecode.swift; path = ContentView.swift; sourceTree = "<group>"; };
		A8EEF7A92BD91C8600E9F83D /* Assets.xcassets */ = {isa = PBXFileReference; lastKnownFileType = folder.assetcatalog; path = Assets.xcassets; sourceTree = "<group>"; };
		A8EEF7AC2BD91C8600E9F83D /* Preview Assets.xcassets */ = {isa = PBXFileReference; lastKnownFileType = folder.assetcatalog; path = "Preview Assets.xcassets"; sourceTree = "<group>"; };
/* End PBXFileReference section */

/* Begin PBXFrameworksBuildPhase section */
		A8EEF79F2BD91C8500E9F83D /* Frameworks */ = {
			isa = PBXFrameworksBuildPhase;
			buildActionMask = 2147483647;
			files = (
			);
			runOnlyForDeploymentPostprocessing = 0;
		};
/* End PBXFrameworksBuildPhase section */

/* Begin PBXGroup section */
		A87E74012BDF78D500CBDE7E /* fonts */ = {
			isa = PBXGroup;
			children = (
				A87E740E2BDF7CF800CBDE7E /* OxygenMono */,
			);
			path = fonts;
			sourceTree = "<group>";
		};
		A87E740E2BDF7CF800CBDE7E /* OxygenMono */ = {
			isa = PBXGroup;
			children = (
				A87E740F2BDF7D4400CBDE7E /* OFL.txt */,
				A87E74102BDF7D4400CBDE7E /* OxygenMono-Regular.ttf */,
			);
			path = OxygenMono;
			sourceTree = "<group>";
		};
		A8EEF7992BD91C8500E9F83D = {
			isa = PBXGroup;
			children = (
				A847B41E2BE383E50034367F /* LICENSE.txt */,
				A89F369C2BDFEEE8002D578F /* README.MD */,
				A8EEF7A42BD91C8500E9F83D /* tinypasswordgenapp */,
				A8EEF7A32BD91C8500E9F83D /* Products */,
			);
			sourceTree = "<group>";
		};
		A8EEF7A32BD91C8500E9F83D /* Products */ = {
			isa = PBXGroup;
			children = (
				A8EEF7A22BD91C8500E9F83D /* tinypasswordgenapp.app */,
			);
			name = Products;
			sourceTree = "<group>";
		};
		A8EEF7A42BD91C8500E9F83D /* tinypasswordgenapp */ = {
			isa = PBXGroup;
			children = (
				A87E74152BDF85C500CBDE7E /* Info.plist */,
				A89F369A2BDFCF6F002D578F /* en_words.txt */,
				A87E74012BDF78D500CBDE7E /* fonts */,
				A8EEF7A52BD91C8500E9F83D /* tinypasswordgenappApp.swift */,
				A8EEF7A72BD91C8500E9F83D /* ContentView.swift */,
				A89F36982BDFA32B002D578F /* ViewModel.swift */,
				A8EEF7A92BD91C8600E9F83D /* Assets.xcassets */,
				A8EEF7AB2BD91C8600E9F83D /* Preview Content */,
			);
			path = tinypasswordgenapp;
			sourceTree = "<group>";
		};
		A8EEF7AB2BD91C8600E9F83D /* Preview Content */ = {
			isa = PBXGroup;
			children = (
				A8EEF7AC2BD91C8600E9F83D /* Preview Assets.xcassets */,
			);
			path = "Preview Content";
			sourceTree = "<group>";
		};
/* End PBXGroup section */

/* Begin PBXNativeTarget section */
		A8EEF7A12BD91C8500E9F83D /* tinypasswordgenapp */ = {
			isa = PBXNativeTarget;
			buildConfigurationList = A8EEF7B02BD91C8600E9F83D /* Build configuration list for PBXNativeTarget "tinypasswordgenapp" */;
			buildPhases = (
				A8EEF79E2BD91C8500E9F83D /* Sources */,
				A8EEF79F2BD91C8500E9F83D /* Frameworks */,
				A8EEF7A02BD91C8500E9F83D /* Resources */,
			);
			buildRules = (
			);
			dependencies = (
			);
			name = tinypasswordgenapp;
			productName = tinypasswordgenapp;
			productReference = A8EEF7A22BD91C8500E9F83D /* tinypasswordgenapp.app */;
			productType = "com.apple.product-type.application";
		};
/* End PBXNativeTarget section */

/* Begin PBXProject section */
		A8EEF79A2BD91C8500E9F83D /* Project object */ = {
			isa = PBXProject;
			attributes = {
				BuildIndependentTargetsInParallel = 1;
				LastSwiftUpdateCheck = 1530;
				LastUpgradeCheck = 1530;
				TargetAttributes = {
					A8EEF7A12BD91C8500E9F83D = {
						CreatedOnToolsVersion = 15.3;
					};
				};
			};
			buildConfigurationList = A8EEF79D2BD91C8500E9F83D /* Build configuration list for PBXProject "tinypasswordgenapp" */;
			compatibilityVersion = "Xcode 14.0";
			developmentRegion = en;
			hasScannedForEncodings = 0;
			knownRegions = (
				en,
				Base,
			);
			mainGroup = A8EEF7992BD91C8500E9F83D;
			productRefGroup = A8EEF7A32BD91C8500E9F83D /* Products */;
			projectDirPath = "";
			projectRoot = "";
			targets = (
				A8EEF7A12BD91C8500E9F83D /* tinypasswordgenapp */,
			);
		};
/* End PBXProject section */

/* Begin PBXResourcesBuildPhase section */
		A8EEF7A02BD91C8500E9F83D /* Resources */ = {
			isa = PBXResourcesBuildPhase;
			buildActionMask = 2147483647;
			files = (
				A87E74122BDF7D4400CBDE7E /* OxygenMono-Regular.ttf in Resources */,
				A87E74112BDF7D4400CBDE7E /* OFL.txt in Resources */,
				A8EEF7AD2BD91C8600E9F83D /* Preview Assets.xcassets in Resources */,
				A89F369B2BDFCF6F002D578F /* en_words.txt in Resources */,
				A8EEF7AA2BD91C8600E9F83D /* Assets.xcassets in Resources */,
			);
			runOnlyForDeploymentPostprocessing = 0;
		};
/* End PBXResourcesBuildPhase section */

/* Begin PBXSourcesBuildPhase section */
		A8EEF79E2BD91C8500E9F83D /* Sources */ = {
			isa = PBXSourcesBuildPhase;
			buildActionMask = 2147483647;
			files = (
				A8EEF7A82BD91C8500E9F83D /* ContentView.swift in Sources */,
				A89F36992BDFA32B002D578F /* ViewModel.swift in Sources */,
				A8EEF7A62BD91C8500E9F83D /* tinypasswordgenappApp.swift in Sources */,
			);
			runOnlyForDeploymentPostprocessing = 0;
		};
/* End PBXSourcesBuildPhase section */

/* Begin XCBuildConfiguration section */
		A8EEF7AE2BD91C8600E9F83D /* Debug */ = {
			isa = XCBuildConfiguration;
			buildSettings = {
				ALWAYS_SEARCH_USER_PATHS = NO;
				ASSETCATALOG_COMPILER_GENERATE_SWIFT_ASSET_SYMBOL_EXTENSIONS = YES;
				CLANG_ANALYZER_NONNULL = YES;
				CLANG_ANALYZER_NUMBER_OBJECT_CONVERSION = YES_AGGRESSIVE;
				CLANG_CXX_LANGUAGE_STANDARD = "gnu++20";
				CLANG_ENABLE_MODULES = YES;
				CLANG_ENABLE_OBJC_ARC = YES;
				CLANG_ENABLE_OBJC_WEAK = YES;
				CLANG_WARN_BLOCK_CAPTURE_AUTORELEASING = YES;
				CLANG_WARN_BOOL_CONVERSION = YES;
				CLANG_WARN_COMMA = YES;
				CLANG_WARN_CONSTANT_CONVERSION = YES;
				CLANG_WARN_DEPRECATED_OBJC_IMPLEMENTATIONS = YES;
				CLANG_WARN_DIRECT_OBJC_ISA_USAGE = YES_ERROR;
				CLANG_WARN_DOCUMENTATION_COMMENTS = YES;
				CLANG_WARN_EMPTY_BODY = YES;
				CLANG_WARN_ENUM_CONVERSION = YES;
				CLANG_WARN_INFINITE_RECURSION = YES;
				CLANG_WARN_INT_CONVERSION = YES;
				CLANG_WARN_NON_LITERAL_NULL_CONVERSION = YES;
				CLANG_WARN_OBJC_IMPLICIT_RETAIN_SELF = YES;
				CLANG_WARN_OBJC_LITERAL_CONVERSION = YES;
				CLANG_WARN_OBJC_ROOT_CLASS = YES_ERROR;
				CLANG_WARN_QUOTED_INCLUDE_IN_FRAMEWORK_HEADER = YES;
				CLANG_WARN_RANGE_LOOP_ANALYSIS = YES;
				CLANG_WARN_STRICT_PROTOTYPES = YES;
				CLANG_WARN_SUSPICIOUS_MOVE = YES;
				CLANG_WARN_UNGUARDED_AVAILABILITY = YES_AGGRESSIVE;
				CLANG_WARN_UNREACHABLE_CODE = YES;
				CLANG_WARN__DUPLICATE_METHOD_MATCH = YES;
				COPY_PHASE_STRIP = NO;
				DEBUG_INFORMATION_FORMAT = dwarf;
				ENABLE_STRICT_OBJC_MSGSEND = YES;
				ENABLE_TESTABILITY = YES;
				ENABLE_USER_SCRIPT_SANDBOXING = YES;
				GCC_C_LANGUAGE_STANDARD = gnu17;
				GCC_DYNAMIC_NO_PIC = NO;
				GCC_NO_COMMON_BLOCKS = YES;
				GCC_OPTIMIZATION_LEVEL = 0;
				GCC_PREPROCESSOR_DEFINITIONS = (
					"DEBUG=1",
					"$(inherited)",
				);
				GCC_WARN_64_TO_32_BIT_CONVERSION = YES;
				GCC_WARN_ABOUT_RETURN_TYPE = YES_ERROR;
				GCC_WARN_UNDECLARED_SELECTOR = YES;
				GCC_WARN_UNINITIALIZED_AUTOS = YES_AGGRESSIVE;
				GCC_WARN_UNUSED_FUNCTION = YES;
				GCC_WARN_UNUSED_VARIABLE = YES;
				IPHONEOS_DEPLOYMENT_TARGET = 17.4;
				LOCALIZATION_PREFERS_STRING_CATALOGS = YES;
				MTL_ENABLE_DEBUG_INFO = INCLUDE_SOURCE;
				MTL_FAST_MATH = YES;
				ONLY_ACTIVE_ARCH = YES;
				SDKROOT = iphoneos;
				SWIFT_ACTIVE_COMPILATION_CONDITIONS = "DEBUG $(inherited)";
				SWIFT_OPTIMIZATION_LEVEL = "-Onone";
			};
			name = Debug;
		};
		A8EEF7AF2BD91C8600E9F83D /* Release */ = {
			isa = XCBuildConfiguration;
			buildSettings = {
				ALWAYS_SEARCH_USER_PATHS = NO;
				ASSETCATALOG_COMPILER_GENERATE_SWIFT_ASSET_SYMBOL_EXTENSIONS = YES;
				CLANG_ANALYZER_NONNULL = YES;
				CLANG_ANALYZER_NUMBER_OBJECT_CONVERSION = YES_AGGRESSIVE;
				CLANG_CXX_LANGUAGE_STANDARD = "gnu++20";
				CLANG_ENABLE_MODULES = YES;
				CLANG_ENABLE_OBJC_ARC = YES;
				CLANG_ENABLE_OBJC_WEAK = YES;
				CLANG_WARN_BLOCK_CAPTURE_AUTORELEASING = YES;
				CLANG_WARN_BOOL_CONVERSION = YES;
				CLANG_WARN_COMMA = YES;
				CLANG_WARN_CONSTANT_CONVERSION = YES;
				CLANG_WARN_DEPRECATED_OBJC_IMPLEMENTATIONS = YES;
				CLANG_WARN_DIRECT_OBJC_ISA_USAGE = YES_ERROR;
				CLANG_WARN_DOCUMENTATION_COMMENTS = YES;
				CLANG_WARN_EMPTY_BODY = YES;
				CLANG_WARN_ENUM_CONVERSION = YES;
				CLANG_WARN_INFINITE_RECURSION = YES;
				CLANG_WARN_INT_CONVERSION = YES;
				CLANG_WARN_NON_LITERAL_NULL_CONVERSION = YES;
				CLANG_WARN_OBJC_IMPLICIT_RETAIN_SELF = YES;
				CLANG_WARN_OBJC_LITERAL_CONVERSION = YES;
				CLANG_WARN_OBJC_ROOT_CLASS = YES_ERROR;
				CLANG_WARN_QUOTED_INCLUDE_IN_FRAMEWORK_HEADER = YES;
				CLANG_WARN_RANGE_LOOP_ANALYSIS = YES;
				CLANG_WARN_STRICT_PROTOTYPES = YES;
				CLANG_WARN_SUSPICIOUS_MOVE = YES;
				CLANG_WARN_UNGUARDED_AVAILABILITY = YES_AGGRESSIVE;
				CLANG_WARN_UNREACHABLE_CODE = YES;
				CLANG_WARN__DUPLICATE_METHOD_MATCH = YES;
				COPY_PHASE_STRIP = NO;
				DEBUG_INFORMATION_FORMAT = "dwarf-with-dsym";
				ENABLE_NS_ASSERTIONS = NO;
				ENABLE_STRICT_OBJC_MSGSEND = YES;
				ENABLE_USER_SCRIPT_SANDBOXING = YES;
				GCC_C_LANGUAGE_STANDARD = gnu17;
				GCC_NO_COMMON_BLOCKS = YES;
				GCC_WARN_64_TO_32_BIT_CONVERSION = YES;
				GCC_WARN_ABOUT_RETURN_TYPE = YES_ERROR;
				GCC_WARN_UNDECLARED_SELECTOR = YES;
				GCC_WARN_UNINITIALIZED_AUTOS = YES_AGGRESSIVE;
				GCC_WARN_UNUSED_FUNCTION = YES;
				GCC_WARN_UNUSED_VARIABLE = YES;
				IPHONEOS_DEPLOYMENT_TARGET = 17.4;
				LOCALIZATION_PREFERS_STRING_CATALOGS = YES;
				MTL_ENABLE_DEBUG_INFO = NO;
				MTL_FAST_MATH = YES;
				SDKROOT = iphoneos;
				SWIFT_COMPILATION_MODE = wholemodule;
				VALIDATE_PRODUCT = YES;
			};
			name = Release;
		};
		A8EEF7B12BD91C8600E9F83D /* Debug */ = {
			isa = XCBuildConfiguration;
			buildSettings = {
				ASSETCATALOG_COMPILER_APPICON_NAME = AppIcon;
				ASSETCATALOG_COMPILER_GLOBAL_ACCENT_COLOR_NAME = AccentColor;
				CODE_SIGN_IDENTITY = "Apple Development";
				CODE_SIGN_STYLE = Automatic;
				CURRENT_PROJECT_VERSION = 1;
				DEVELOPMENT_ASSET_PATHS = "\"tinypasswordgenapp/Preview Content\"";
				DEVELOPMENT_TEAM = N2B3NFDH5K;
				ENABLE_PREVIEWS = YES;
				GENERATE_INFOPLIST_FILE = YES;
				INFOPLIST_FILE = tinypasswordgenapp/Info.plist;
				INFOPLIST_KEY_UIApplicationSceneManifest_Generation = YES;
				INFOPLIST_KEY_UIApplicationSupportsIndirectInputEvents = YES;
				INFOPLIST_KEY_UILaunchScreen_Generation = YES;
				INFOPLIST_KEY_UISupportedInterfaceOrientations_iPad = "UIInterfaceOrientationPortrait UIInterfaceOrientationPortraitUpsideDown UIInterfaceOrientationLandscapeLeft UIInterfaceOrientationLandscapeRight";
				INFOPLIST_KEY_UISupportedInterfaceOrientations_iPhone = "UIInterfaceOrientationPortrait UIInterfaceOrientationLandscapeLeft UIInterfaceOrientationLandscapeRight";
				LD_RUNPATH_SEARCH_PATHS = (
					"$(inherited)",
					"@executable_path/Frameworks",
				);
				MARKETING_VERSION = 1.0;
				PRODUCT_BUNDLE_IDENTIFIER = it.corradoignoti.tpgapp;
				PRODUCT_NAME = "$(TARGET_NAME)";
				PROVISIONING_PROFILE_SPECIFIER = "";
				SWIFT_EMIT_LOC_STRINGS = YES;
				SWIFT_VERSION = 5.0;
				TARGETED_DEVICE_FAMILY = "1,2";
			};
			name = Debug;
		};
		A8EEF7B22BD91C8600E9F83D /* Release */ = {
			isa = XCBuildConfiguration;
			buildSettings = {
				ASSETCATALOG_COMPILER_APPICON_NAME = AppIcon;
				ASSETCATALOG_COMPILER_GLOBAL_ACCENT_COLOR_NAME = AccentColor;
				CODE_SIGN_IDENTITY = "Apple Development";
				CODE_SIGN_STYLE = Automatic;
				CURRENT_PROJECT_VERSION = 1;
				DEVELOPMENT_ASSET_PATHS = "\"tinypasswordgenapp/Preview Content\"";
				DEVELOPMENT_TEAM = N2B3NFDH5K;
				ENABLE_PREVIEWS = YES;
				GENERATE_INFOPLIST_FILE = YES;
				INFOPLIST_FILE = tinypasswordgenapp/Info.plist;
				INFOPLIST_KEY_UIApplicationSceneManifest_Generation = YES;
				INFOPLIST_KEY_UIApplicationSupportsIndirectInputEvents = YES;
				INFOPLIST_KEY_UILaunchScreen_Generation = YES;
				INFOPLIST_KEY_UISupportedInterfaceOrientations_iPad = "UIInterfaceOrientationPortrait UIInterfaceOrientationPortraitUpsideDown UIInterfaceOrientationLandscapeLeft UIInterfaceOrientationLandscapeRight";
				INFOPLIST_KEY_UISupportedInterfaceOrientations_iPhone = "UIInterfaceOrientationPortrait UIInterfaceOrientationLandscapeLeft UIInterfaceOrientationLandscapeRight";
				LD_RUNPATH_SEARCH_PATHS = (
					"$(inherited)",
					"@executable_path/Frameworks",
				);
				MARKETING_VERSION = 1.0;
				PRODUCT_BUNDLE_IDENTIFIER = it.corradoignoti.tpgapp;
				PRODUCT_NAME = "$(TARGET_NAME)";
				PROVISIONING_PROFILE_SPECIFIER = "";
				SWIFT_EMIT_LOC_STRINGS = YES;
				SWIFT_VERSION = 5.0;
				TARGETED_DEVICE_FAMILY = "1,2";
			};
			name = Release;
		};
/* End XCBuildConfiguration section */

/* Begin XCConfigurationList section */
		A8EEF79D2BD91C8500E9F83D /* Build configuration list for PBXProject "tinypasswordgenapp" */ = {
			isa = XCConfigurationList;
			buildConfigurations = (
				A8EEF7AE2BD91C8600E9F83D /* Debug */,
				A8EEF7AF2BD91C8600E9F83D /* Release */,
			);
			defaultConfigurationIsVisible = 0;
			defaultConfigurationName = Release;
		};
		A8EEF7B02BD91C8600E9F83D /* Build configuration list for PBXNativeTarget "tinypasswordgenapp" */ = {
			isa = XCConfigurationList;
			buildConfigurations = (
				A8EEF7B12BD91C8600E9F83D /* Debug */,
				A8EEF7B22BD91C8600E9F83D /* Release */,
			);
			defaultConfigurationIsVisible = 0;
			defaultConfigurationName = Release;
		};
/* End XCConfigurationList section */
	};
	rootObject = A8EEF79A2BD91C8500E9F83D /* Project object */;
}
